
Microsoft Visual Studio Solution File, Format Version 12.00
# Visual Studio Version 16
VisualStudioVersion = 16.0.29209.62
MinimumVisualStudioVersion = 10.0.40219.1
Project("{FAE04EC0-301F-11D3-BF4B-00C04F79EFBC}") = "SchoolRings", "SchoolRings\SchoolRings.csproj", "{CF872926-72C7-47D7-80DF-5C1D217107EC}"
EndProject
Global
	GlobalSection(SolutionConfigurationPlatforms) = preSolution
		Debug|Any CPU = Debug|Any CPU
		Release|Any CPU = Release|Any CPU
	EndGlobalSection
	GlobalSection(ProjectConfigurationPlatforms) = postSolution
		{CF872926-72C7-47D7-80DF-5C1D217107EC}.Debug|Any CPU.ActiveCfg = Debug|Any CPU
		{CF872926-72C7-47D7-80DF-5C1D217107EC}.Debug|Any CPU.Build.0 = Debug|Any CPU
		{CF872926-72C7-47D7-80DF-5C1D217107EC}.Release|Any CPU.ActiveCfg = Release|Any CPU
		{CF872926-72C7-47D7-80DF-5C1D217107EC}.Release|Any CPU.Build.0 = Release|Any CPU
	EndGlobalSection
	GlobalSection(SolutionProperties) = preSolution
		HideSolutionNode = FALSE
	EndGlobalSection
	GlobalSection(ExtensibilityGlobals) = postSolution
		SolutionGuid = {095EDCD6-3287-45F8-97C3-FDA3F5909123}
	EndGlobalSection
EndGlobal
